PODS:
  - Alamofire (4.4.0)
  - GoogleMaps (2.7.0):
    - GoogleMaps/Maps (= 2.7.0)
  - GoogleMaps/Base (2.7.0)
  - GoogleMaps/Maps (2.7.0):
    - GoogleMaps/Base
  - GooglePlaces (2.7.0):
    - GoogleMaps/Base (= 2.7.0)
  - PusherSwift (4.1.0)

DEPENDENCIES:
  - Alamofire (~> 4.4.0)
  - GoogleMaps
  - GooglePlaces
  - PusherSwift (~> 4.1.0)

SPEC REPOS:
  https://github.com/cocoapods/specs.git:
    - Alamofire
    - GoogleMaps
    - GooglePlaces
    - PusherSwift

SPEC CHECKSUMS:
  Alamofire: dc44b1600b800eb63da6a19039a0083d62a6a62d
  GoogleMaps: f79af95cb24d869457b1f961c93d3ce8b2f3b848
  GooglePlaces: 3d06e6c99654545b4738ce49648745779c25f2ef
  PusherSwift: 13257260d77445f44ee26d7843e9311186b26e79

PODFILE CHECKSUM: 5aae836cd1e2b5dd8a12c7d04e1a58afd01eff3d

COCOAPODS: 1.5.3
