// !$*UTF8*$!
{
	archiveVersion = 1;
	classes = {
	};
	objectVersion = 50;
	objects = {

/* Begin PBXBuildFile section */
		2975E93A9AB3A34E7E18935D /* Pods_Novemap.framework in Frameworks */ = {isa = PBXBuildFile; fileRef = 13C9F254465A1552BAB6D562 /* Pods_Novemap.framework */; };
		4CD64B3D21AE3DC1004DD381 /* AppDelegate.swift in Sources */ = {isa = PBXBuildFile; fileRef = 4CD64B3C21AE3DC1004DD381 /* AppDelegate.swift */; };
		4CD64B3F21AE3DC1004DD381 /* ViewController.swift in Sources */ = {isa = PBXBuildFile; fileRef = 4CD64B3E21AE3DC1004DD381 /* ViewController.swift */; };
		4CD64B4221AE3DC1004DD381 /* Main.storyboard in Resources */ = {isa = PBXBuildFile; fileRef = 4CD64B4021AE3DC1004DD381 /* Main.storyboard */; };
		4CD64B4421AE3DC3004DD381 /* Assets.xcassets in Resources */ = {isa = PBXBuildFile; fileRef = 4CD64B4321AE3DC3004DD381 /* Assets.xcassets */; };
		4CD64B4721AE3DC3004DD381 /* LaunchScreen.storyboard in Resources */ = {isa = PBXBuildFile; fileRef = 4CD64B4521AE3DC3004DD381 /* LaunchScreen.storyboard */; };
/* End PBXBuildFile section */

/* Begin PBXFileReference section */
		13C9F254465A1552BAB6D562 /* Pods_Novemap.framework */ = {isa = PBXFileReference; explicitFileType = wrapper.framework; includeInIndex = 0; path = Pods_Novemap.framework; sourceTree = BUILT_PRODUCTS_DIR; };
		4CD64B3921AE3DC1004DD381 /* Novemap.app */ = {isa = PBXFileReference; explicitFileType = wrapper.application; includeInIndex = 0; path = Novemap.app; sourceTree = BUILT_PRODUCTS_DIR; };
		4CD64B3C21AE3DC1004DD381 /* AppDelegate.swift */ = {isa = PBXFileReference; lastKnownFileType = sourcecode.swift; path = AppDelegate.swift; sourceTree = "<group>"; };
		4CD64B3E21AE3DC1004DD381 /* ViewController.swift */ = {isa = PBXFileReference; lastKnownFileType = sourcecode.swift; path = ViewController.swift; sourceTree = "<group>"; };
		4CD64B4121AE3DC1004DD381 /* Base */ = {isa = PBXFileReference; lastKnownFileType = file.storyboard; name = Base; path = Base.lproj/Main.storyboard; sourceTree = "<group>"; };
		4CD64B4321AE3DC3004DD381 /* Assets.xcassets */ = {isa = PBXFileReference; lastKnownFileType = folder.assetcatalog; path = Assets.xcassets; sourceTree = "<group>"; };
		4CD64B4621AE3DC3004DD381 /* Base */ = {isa = PBXFileReference; lastKnownFileType = file.storyboard; name = Base; path = Base.lproj/LaunchScreen.storyboard; sourceTree = "<group>"; };
		4CD64B4821AE3DC3004DD381 /* Info.plist */ = {isa = PBXFileReference; lastKnownFileType = text.plist.xml; path = Info.plist; sourceTree = "<group>"; };
		8D4CCAA1637BFF45B95E67B7 /* Pods-Novemap.debug.xcconfig */ = {isa = PBXFileReference; includeInIndex = 1; lastKnownFileType = text.xcconfig; name = "Pods-Novemap.debug.xcconfig"; path = "Pods/Target Support Files/Pods-Novemap/Pods-Novemap.debug.xcconfig"; sourceTree = "<group>"; };
		FE002A980B33D2CC3D31F941 /* Pods-Novemap.release.xcconfig */ = {isa = PBXFileReference; includeInIndex = 1; lastKnownFileType = text.xcconfig; name = "Pods-Novemap.release.xcconfig"; path = "Pods/Target Support Files/Pods-Novemap/Pods-Novemap.release.xcconfig"; sourceTree = "<group>"; };
/* End PBXFileReference section */

/* Begin PBXFrameworksBuildPhase section */
		4CD64B3621AE3DC1004DD381 /* Frameworks */ = {
			isa = PBXFrameworksBuildPhase;
			buildActionMask = 2147483647;
			files = (
				2975E93A9AB3A34E7E18935D /* Pods_Novemap.framework in Frameworks */,
			);
			runOnlyForDeploymentPostprocessing = 0;
		};
/* End PBXFrameworksBuildPhase section */

/* Begin PBXGroup section */
		28F70F4B6CEAE4247FDF5DEA /* Frameworks */ = {
			isa = PBXGroup;
			children = (
				13C9F254465A1552BAB6D562 /* Pods_Novemap.framework */,
			);
			name = Frameworks;
			sourceTree = "<group>";
		};
		4942B79F35CC6476A65A4FBE /* Pods */ = {
			isa = PBXGroup;
			children = (
				8D4CCAA1637BFF45B95E67B7 /* Pods-Novemap.debug.xcconfig */,
				FE002A980B33D2CC3D31F941 /* Pods-Novemap.release.xcconfig */,
			);
			name = Pods;
			sourceTree = "<group>";
		};
		4CD64B3021AE3DC1004DD381 = {
			isa = PBXGroup;
			children = (
				4CD64B3B21AE3DC1004DD381 /* Novemap */,
				4CD64B3A21AE3DC1004DD381 /* Products */,
				4942B79F35CC6476A65A4FBE /* Pods */,
				28F70F4B6CEAE4247FDF5DEA /* Frameworks */,
			);
			sourceTree = "<group>";
		};
		4CD64B3A21AE3DC1004DD381 /* Products */ = {
			isa = PBXGroup;
			children = (
				4CD64B3921AE3DC1004DD381 /* Novemap.app */,
			);
			name = Products;
			sourceTree = "<group>";
		};
		4CD64B3B21AE3DC1004DD381 /* Novemap */ = {
			isa = PBXGroup;
			children = (
				4CD64B3C21AE3DC1004DD381 /* AppDelegate.swift */,
				4CD64B3E21AE3DC1004DD381 /* ViewController.swift */,
				4CD64B4021AE3DC1004DD381 /* Main.storyboard */,
				4CD64B4321AE3DC3004DD381 /* Assets.xcassets */,
				4CD64B4521AE3DC3004DD381 /* LaunchScreen.storyboard */,
				4CD64B4821AE3DC3004DD381 /* Info.plist */,
			);
			path = Novemap;
			sourceTree = "<group>";
		};
/* End PBXGroup section */

/* Begin PBXNativeTarget section */
		4CD64B3821AE3DC1004DD381 /* Novemap */ = {
			isa = PBXNativeTarget;
			buildConfigurationList = 4CD64B4B21AE3DC3004DD381 /* Build configuration list for PBXNativeTarget "Novemap" */;
			buildPhases = (
				C4D89E3200F759EAACA29EA8 /* [CP] Check Pods Manifest.lock */,
				4CD64B3521AE3DC1004DD381 /* Sources */,
				4CD64B3621AE3DC1004DD381 /* Frameworks */,
				4CD64B3721AE3DC1004DD381 /* Resources */,
				0118AC8C47577C13E9C15E52 /* [CP] Embed Pods Frameworks */,
				9EFCD3A533CFD8182E601D7D /* [CP] Copy Pods Resources */,
			);
			buildRules = (
			);
			dependencies = (
			);
			name = Novemap;
			productName = Novemap;
			productReference = 4CD64B3921AE3DC1004DD381 /* Novemap.app */;
			productType = "com.apple.product-type.application";
		};
/* End PBXNativeTarget section */

/* Begin PBXProject section */
		4CD64B3121AE3DC1004DD381 /* Project object */ = {
			isa = PBXProject;
			attributes = {
				LastSwiftUpdateCheck = 1010;
				LastUpgradeCheck = 1010;
				ORGANIZATIONNAME = "Ninth Device";
				TargetAttributes = {
					4CD64B3821AE3DC1004DD381 = {
						CreatedOnToolsVersion = 10.1;
					};
				};
			};
			buildConfigurationList = 4CD64B3421AE3DC1004DD381 /* Build configuration list for PBXProject "Novemap" */;
			compatibilityVersion = "Xcode 9.3";
			developmentRegion = en;
			hasScannedForEncodings = 0;
			knownRegions = (
				en,
				Base,
			);
			mainGroup = 4CD64B3021AE3DC1004DD381;
			productRefGroup = 4CD64B3A21AE3DC1004DD381 /* Products */;
			projectDirPath = "";
			projectRoot = "";
			targets = (
				4CD64B3821AE3DC1004DD381 /* Novemap */,
			);
		};
/* End PBXProject section */

/* Begin PBXResourcesBuildPhase section */
		4CD64B3721AE3DC1004DD381 /* Resources */ = {
			isa = PBXResourcesBuildPhase;
			buildActionMask = 2147483647;
			files = (
				4CD64B4721AE3DC3004DD381 /* LaunchScreen.storyboard in Resources */,
				4CD64B4421AE3DC3004DD381 /* Assets.xcassets in Resources */,
				4CD64B4221AE3DC1004DD381 /* Main.storyboard in Resources */,
			);
			runOnlyForDeploymentPostprocessing = 0;
		};
/* End PBXResourcesBuildPhase section */

/* Begin PBXShellScriptBuildPhase section */
		0118AC8C47577C13E9C15E52 /* [CP] Embed Pods Frameworks */ = {
			isa = PBXShellScriptBuildPhase;
			buildActionMask = 2147483647;
			files = (
			);
			inputFileListPaths = (
			);
			inputPaths = (
				"${SRCROOT}/Pods/Target Support Files/Pods-Novemap/Pods-Novemap-frameworks.sh",
				"${BUILT_PRODUCTS_DIR}/Alamofire/Alamofire.framework",
				"${BUILT_PRODUCTS_DIR}/PusherSwift/PusherSwift.framework",
			);
			name = "[CP] Embed Pods Frameworks";
			outputFileListPaths = (
			);
			outputPaths = (
				"${TARGET_BUILD_DIR}/${FRAMEWORKS_FOLDER_PATH}/Alamofire.framework",
				"${TARGET_BUILD_DIR}/${FRAMEWORKS_FOLDER_PATH}/PusherSwift.framework",
			);
			runOnlyForDeploymentPostprocessing = 0;
			shellPath = /bin/sh;
			shellScript = "\"${SRCROOT}/Pods/Target Support Files/Pods-Novemap/Pods-Novemap-frameworks.sh\"\n";
			showEnvVarsInLog = 0;
		};
		9EFCD3A533CFD8182E601D7D /* [CP] Copy Pods Resources */ = {
			isa = PBXShellScriptBuildPhase;
			buildActionMask = 2147483647;
			files = (
			);
			inputFileListPaths = (
			);
			inputPaths = (
				"${SRCROOT}/Pods/Target Support Files/Pods-Novemap/Pods-Novemap-resources.sh",
				"${PODS_ROOT}/GoogleMaps/Maps/Frameworks/GoogleMaps.framework/Resources/GoogleMaps.bundle",
				"${PODS_ROOT}/GooglePlaces/Frameworks/GooglePlaces.framework/Resources/GooglePlaces.bundle",
			);
			name = "[CP] Copy Pods Resources";
			outputFileListPaths = (
			);
			outputPaths = (
				"${TARGET_BUILD_DIR}/${UNLOCALIZED_RESOURCES_FOLDER_PATH}/GoogleMaps.bundle",
				"${TARGET_BUILD_DIR}/${UNLOCALIZED_RESOURCES_FOLDER_PATH}/GooglePlaces.bundle",
			);
			runOnlyForDeploymentPostprocessing = 0;
			shellPath = /bin/sh;
			shellScript = "\"${SRCROOT}/Pods/Target Support Files/Pods-Novemap/Pods-Novemap-resources.sh\"\n";
			showEnvVarsInLog = 0;
		};
		C4D89E3200F759EAACA29EA8 /* [CP] Check Pods Manifest.lock */ = {
			isa = PBXShellScriptBuildPhase;
			buildActionMask = 2147483647;
			files = (
			);
			inputFileListPaths = (
			);
			inputPaths = (
				"${PODS_PODFILE_DIR_PATH}/Podfile.lock",
				"${PODS_ROOT}/Manifest.lock",
			);
			name = "[CP] Check Pods Manifest.lock";
			outputFileListPaths = (
			);
			outputPaths = (
				"$(DERIVED_FILE_DIR)/Pods-Novemap-checkManifestLockResult.txt",
			);
			runOnlyForDeploymentPostprocessing = 0;
			shellPath = /bin/sh;
			shellScript = "diff \"${PODS_PODFILE_DIR_PATH}/Podfile.lock\" \"${PODS_ROOT}/Manifest.lock\" > /dev/null\nif [ $? != 0 ] ; then\n    # print error to STDERR\n    echo \"error: The sandbox is not in sync with the Podfile.lock. Run 'pod install' or update your CocoaPods installation.\" >&2\n    exit 1\nfi\n# This output is used by Xcode 'outputs' to avoid re-running this script phase.\necho \"SUCCESS\" > \"${SCRIPT_OUTPUT_FILE_0}\"\n";
			showEnvVarsInLog = 0;
		};
/* End PBXShellScriptBuildPhase section */

/* Begin PBXSourcesBuildPhase section */
		4CD64B3521AE3DC1004DD381 /* Sources */ = {
			isa = PBXSourcesBuildPhase;
			buildActionMask = 2147483647;
			files = (
				4CD64B3F21AE3DC1004DD381 /* ViewController.swift in Sources */,
				4CD64B3D21AE3DC1004DD381 /* AppDelegate.swift in Sources */,
			);
			runOnlyForDeploymentPostprocessing = 0;
		};
/* End PBXSourcesBuildPhase section */

/* Begin PBXVariantGroup section */
		4CD64B4021AE3DC1004DD381 /* Main.storyboard */ = {
			isa = PBXVariantGroup;
			children = (
				4CD64B4121AE3DC1004DD381 /* Base */,
			);
			name = Main.storyboard;
			sourceTree = "<group>";
		};
		4CD64B4521AE3DC3004DD381 /* LaunchScreen.storyboard */ = {
			isa = PBXVariantGroup;
			children = (
				4CD64B4621AE3DC3004DD381 /* Base */,
			);
			name = LaunchScreen.storyboard;
			sourceTree = "<group>";
		};
/* End PBXVariantGroup section */

/* Begin XCBuildConfiguration section */
		4CD64B4921AE3DC3004DD381 /* Debug */ = {
			isa = XCBuildConfiguration;
			buildSettings = {
				ALWAYS_SEARCH_USER_PATHS = NO;
				CLANG_ANALYZER_NONNULL = YES;
				CLANG_ANALYZER_NUMBER_OBJECT_CONVERSION = YES_AGGRESSIVE;
				CLANG_CXX_LANGUAGE_STANDARD = "gnu++14";
				CLANG_CXX_LIBRARY = "libc++";
				CLANG_ENABLE_MODULES = YES;
				CLANG_ENABLE_OBJC_ARC = YES;
				CLANG_ENABLE_OBJC_WEAK = YES;
				CLANG_WARN_BLOCK_CAPTURE_AUTORELEASING = YES;
				CLANG_WARN_BOOL_CONVERSION = YES;
				CLANG_WARN_COMMA = YES;
				CLANG_WARN_CONSTANT_CONVERSION = YES;
				CLANG_WARN_DEPRECATED_OBJC_IMPLEMENTATIONS = YES;
				CLANG_WARN_DIRECT_OBJC_ISA_USAGE = YES_ERROR;
				CLANG_WARN_DOCUMENTATION_COMMENTS = YES;
				CLANG_WARN_EMPTY_BODY = YES;
				CLANG_WARN_ENUM_CONVERSION = YES;
				CLANG_WARN_INFINITE_RECURSION = YES;
				CLANG_WARN_INT_CONVERSION = YES;
				CLANG_WARN_NON_LITERAL_NULL_CONVERSION = YES;
				CLANG_WARN_OBJC_IMPLICIT_RETAIN_SELF = YES;
				CLANG_WARN_OBJC_LITERAL_CONVERSION = YES;
				CLANG_WARN_OBJC_ROOT_CLASS = YES_ERROR;
				CLANG_WARN_RANGE_LOOP_ANALYSIS = YES;
				CLANG_WARN_STRICT_PROTOTYPES = YES;
				CLANG_WARN_SUSPICIOUS_MOVE = YES;
				CLANG_WARN_UNGUARDED_AVAILABILITY = YES_AGGRESSIVE;
				CLANG_WARN_UNREACHABLE_CODE = YES;
				CLANG_WARN__DUPLICATE_METHOD_MATCH = YES;
				CODE_SIGN_IDENTITY = "iPhone Developer";
				COPY_PHASE_STRIP = NO;
				DEBUG_INFORMATION_FORMAT = dwarf;
				ENABLE_STRICT_OBJC_MSGSEND = YES;
				ENABLE_TESTABILITY = YES;
				GCC_C_LANGUAGE_STANDARD = gnu11;
				GCC_DYNAMIC_NO_PIC = NO;
				GCC_NO_COMMON_BLOCKS = YES;
				GCC_OPTIMIZATION_LEVEL = 0;
				GCC_PREPROCESSOR_DEFINITIONS = (
					"DEBUG=1",
					"$(inherited)",
				);
				GCC_WARN_64_TO_32_BIT_CONVERSION = YES;
				GCC_WARN_ABOUT_RETURN_TYPE = YES_ERROR;
				GCC_WARN_UNDECLARED_SELECTOR = YES;
				GCC_WARN_UNINITIALIZED_AUTOS = YES_AGGRESSIVE;
				GCC_WARN_UNUSED_FUNCTION = YES;
				GCC_WARN_UNUSED_VARIABLE = YES;
				IPHONEOS_DEPLOYMENT_TARGET = 12.1;
				MTL_ENABLE_DEBUG_INFO = INCLUDE_SOURCE;
				MTL_FAST_MATH = YES;
				ONLY_ACTIVE_ARCH = YES;
				SDKROOT = iphoneos;
				SWIFT_ACTIVE_COMPILATION_CONDITIONS = DEBUG;
				SWIFT_OPTIMIZATION_LEVEL = "-Onone";
			};
			name = Debug;
		};
		4CD64B4A21AE3DC3004DD381 /* Release */ = {
			isa = XCBuildConfiguration;
			buildSettings = {
				ALWAYS_SEARCH_USER_PATHS = NO;
				CLANG_ANALYZER_NONNULL = YES;
				CLANG_ANALYZER_NUMBER_OBJECT_CONVERSION = YES_AGGRESSIVE;
				CLANG_CXX_LANGUAGE_STANDARD = "gnu++14";
				CLANG_CXX_LIBRARY = "libc++";
				CLANG_ENABLE_MODULES = YES;
				CLANG_ENABLE_OBJC_ARC = YES;
				CLANG_ENABLE_OBJC_WEAK = YES;
				CLANG_WARN_BLOCK_CAPTURE_AUTORELEASING = YES;
				CLANG_WARN_BOOL_CONVERSION = YES;
				CLANG_WARN_COMMA = YES;
				CLANG_WARN_CONSTANT_CONVERSION = YES;
				CLANG_WARN_DEPRECATED_OBJC_IMPLEMENTATIONS = YES;
				CLANG_WARN_DIRECT_OBJC_ISA_USAGE = YES_ERROR;
				CLANG_WARN_DOCUMENTATION_COMMENTS = YES;
				CLANG_WARN_EMPTY_BODY = YES;
				CLANG_WARN_ENUM_CONVERSION = YES;
				CLANG_WARN_INFINITE_RECURSION = YES;
				CLANG_WARN_INT_CONVERSION = YES;
				CLANG_WARN_NON_LITERAL_NULL_CONVERSION = YES;
				CLANG_WARN_OBJC_IMPLICIT_RETAIN_SELF = YES;
				CLANG_WARN_OBJC_LITERAL_CONVERSION = YES;
				CLANG_WARN_OBJC_ROOT_CLASS = YES_ERROR;
				CLANG_WARN_RANGE_LOOP_ANALYSIS = YES;
				CLANG_WARN_STRICT_PROTOTYPES = YES;
				CLANG_WARN_SUSPICIOUS_MOVE = YES;
				CLANG_WARN_UNGUARDED_AVAILABILITY = YES_AGGRESSIVE;
				CLANG_WARN_UNREACHABLE_CODE = YES;
				CLANG_WARN__DUPLICATE_METHOD_MATCH = YES;
				CODE_SIGN_IDENTITY = "iPhone Developer";
				COPY_PHASE_STRIP = NO;
				DEBUG_INFORMATION_FORMAT = "dwarf-with-dsym";
				ENABLE_NS_ASSERTIONS = NO;
				ENABLE_STRICT_OBJC_MSGSEND = YES;
				GCC_C_LANGUAGE_STANDARD = gnu11;
				GCC_NO_COMMON_BLOCKS = YES;
				GCC_WARN_64_TO_32_BIT_CONVERSION = YES;
				GCC_WARN_ABOUT_RETURN_TYPE = YES_ERROR;
				GCC_WARN_UNDECLARED_SELECTOR = YES;
				GCC_WARN_UNINITIALIZED_AUTOS = YES_AGGRESSIVE;
				GCC_WARN_UNUSED_FUNCTION = YES;
				GCC_WARN_UNUSED_VARIABLE = YES;
				IPHONEOS_DEPLOYMENT_TARGET = 12.1;
				MTL_ENABLE_DEBUG_INFO = NO;
				MTL_FAST_MATH = YES;
				SDKROOT = iphoneos;
				SWIFT_COMPILATION_MODE = wholemodule;
				SWIFT_OPTIMIZATION_LEVEL = "-O";
				VALIDATE_PRODUCT = YES;
			};
			name = Release;
		};
		4CD64B4C21AE3DC3004DD381 /* Debug */ = {
			isa = XCBuildConfiguration;
			baseConfigurationReference = 8D4CCAA1637BFF45B95E67B7 /* Pods-Novemap.debug.xcconfig */;
			buildSettings = {
				ASSETCATALOG_COMPILER_APPICON_NAME = AppIcon;
				CODE_SIGN_STYLE = Automatic;
				INFOPLIST_FILE = Novemap/Info.plist;
				LD_RUNPATH_SEARCH_PATHS = (
					"$(inherited)",
					"@executable_path/Frameworks",
				);
				PRODUCT_BUNDLE_IDENTIFIER = com.ninthdevice.Novemap;
				PRODUCT_NAME = "$(TARGET_NAME)";
				SWIFT_VERSION = 4.2;
				TARGETED_DEVICE_FAMILY = "1,2";
			};
			name = Debug;
		};
		4CD64B4D21AE3DC3004DD381 /* Release */ = {
			isa = XCBuildConfiguration;
			baseConfigurationReference = FE002A980B33D2CC3D31F941 /* Pods-Novemap.release.xcconfig */;
			buildSettings = {
				ASSETCATALOG_COMPILER_APPICON_NAME = AppIcon;
				CODE_SIGN_STYLE = Automatic;
				INFOPLIST_FILE = Novemap/Info.plist;
				LD_RUNPATH_SEARCH_PATHS = (
					"$(inherited)",
					"@executable_path/Frameworks",
				);
				PRODUCT_BUNDLE_IDENTIFIER = com.ninthdevice.Novemap;
				PRODUCT_NAME = "$(TARGET_NAME)";
				SWIFT_VERSION = 4.2;
				TARGETED_DEVICE_FAMILY = "1,2";
			};
			name = Release;
		};
/* End XCBuildConfiguration section */

/* Begin XCConfigurationList section */
		4CD64B3421AE3DC1004DD381 /* Build configuration list for PBXProject "Novemap" */ = {
			isa = XCConfigurationList;
			buildConfigurations = (
				4CD64B4921AE3DC3004DD381 /* Debug */,
				4CD64B4A21AE3DC3004DD381 /* Release */,
			);
			defaultConfigurationIsVisible = 0;
			defaultConfigurationName = Release;
		};
		4CD64B4B21AE3DC3004DD381 /* Build configuration list for PBXNativeTarget "Novemap" */ = {
			isa = XCConfigurationList;
			buildConfigurations = (
				4CD64B4C21AE3DC3004DD381 /* Debug */,
				4CD64B4D21AE3DC3004DD381 /* Release */,
			);
			defaultConfigurationIsVisible = 0;
			defaultConfigurationName = Release;
		};
/* End XCConfigurationList section */
	};
	rootObject = 4CD64B3121AE3DC1004DD381 /* Project object */;
}
